
Microsoft Visual Studio Solution File, Format Version 12.00
# Visual Studio Version 17
VisualStudioVersion = 17.4.33213.308
MinimumVisualStudioVersion = 10.0.40219.1
Project("{FAE04EC0-301F-11D3-BF4B-00C04F79EFBC}") = "CleanMVC.Domain", "CleanMVC.Domain\CleanMVC.Domain.csproj", "{618398A3-00E2-4DCF-A10A-47A40FDBC03F}"
EndProject
Project("{FAE04EC0-301F-11D3-BF4B-00C04F79EFBC}") = "CleanMVC.Application", "CleanMVC.Application\CleanMVC.Application.csproj", "{AA59CB85-19AF-46BD-9FB3-15BA087FED33}"
EndProject
Project("{FAE04EC0-301F-11D3-BF4B-00C04F79EFBC}") = "CleanMVC.Infra.Data", "CleanMVC.Infra.Data\CleanMVC.Infra.Data.csproj", "{077CD849-B6EB-48C3-BF6F-3383362B0B4E}"
EndProject
Project("{FAE04EC0-301F-11D3-BF4B-00C04F79EFBC}") = "CleanMVC.InversionOfControl", "CleanMVC.InversionOfControl\CleanMVC.InversionOfControl.csproj", "{3CD241FB-2C6A-4F53-A33F-E1D476F05EEF}"
EndProject
Project("{FAE04EC0-301F-11D3-BF4B-00C04F79EFBC}") = "CleanMVC.WebUI", "CleanMVC.WebUI\CleanMVC.WebUI.csproj", "{B65A44DF-354D-4888-9E6D-3D33398DF8E9}"
EndProject
Global
	GlobalSection(SolutionConfigurationPlatforms) = preSolution
		Debug|Any CPU = Debug|Any CPU
		Release|Any CPU = Release|Any CPU
	EndGlobalSection
	GlobalSection(ProjectConfigurationPlatforms) = postSolution
		{618398A3-00E2-4DCF-A10A-47A40FDBC03F}.Debug|Any CPU.ActiveCfg = Debug|Any CPU
		{618398A3-00E2-4DCF-A10A-47A40FDBC03F}.Debug|Any CPU.Build.0 = Debug|Any CPU
		{618398A3-00E2-4DCF-A10A-47A40FDBC03F}.Release|Any CPU.ActiveCfg = Release|Any CPU
		{618398A3-00E2-4DCF-A10A-47A40FDBC03F}.Release|Any CPU.Build.0 = Release|Any CPU
		{AA59CB85-19AF-46BD-9FB3-15BA087FED33}.Debug|Any CPU.ActiveCfg = Debug|Any CPU
		{AA59CB85-19AF-46BD-9FB3-15BA087FED33}.Debug|Any CPU.Build.0 = Debug|Any CPU
		{AA59CB85-19AF-46BD-9FB3-15BA087FED33}.Release|Any CPU.ActiveCfg = Release|Any CPU
		{AA59CB85-19AF-46BD-9FB3-15BA087FED33}.Release|Any CPU.Build.0 = Release|Any CPU
		{077CD849-B6EB-48C3-BF6F-3383362B0B4E}.Debug|Any CPU.ActiveCfg = Debug|Any CPU
		{077CD849-B6EB-48C3-BF6F-3383362B0B4E}.Debug|Any CPU.Build.0 = Debug|Any CPU
		{077CD849-B6EB-48C3-BF6F-3383362B0B4E}.Release|Any CPU.ActiveCfg = Release|Any CPU
		{077CD849-B6EB-48C3-BF6F-3383362B0B4E}.Release|Any CPU.Build.0 = Release|Any CPU
		{3CD241FB-2C6A-4F53-A33F-E1D476F05EEF}.Debug|Any CPU.ActiveCfg = Debug|Any CPU
		{3CD241FB-2C6A-4F53-A33F-E1D476F05EEF}.Debug|Any CPU.Build.0 = Debug|Any CPU
		{3CD241FB-2C6A-4F53-A33F-E1D476F05EEF}.Release|Any CPU.ActiveCfg = Release|Any CPU
		{3CD241FB-2C6A-4F53-A33F-E1D476F05EEF}.Release|Any CPU.Build.0 = Release|Any CPU
		{B65A44DF-354D-4888-9E6D-3D33398DF8E9}.Debug|Any CPU.ActiveCfg = Debug|Any CPU
		{B65A44DF-354D-4888-9E6D-3D33398DF8E9}.Debug|Any CPU.Build.0 = Debug|Any CPU
		{B65A44DF-354D-4888-9E6D-3D33398DF8E9}.Release|Any CPU.ActiveCfg = Release|Any CPU
		{B65A44DF-354D-4888-9E6D-3D33398DF8E9}.Release|Any CPU.Build.0 = Release|Any CPU
	EndGlobalSection
	GlobalSection(SolutionProperties) = preSolution
		HideSolutionNode = FALSE
	EndGlobalSection
	GlobalSection(ExtensibilityGlobals) = postSolution
		SolutionGuid = {C8FCED07-CA74-4465-9498-DBF7AC9B0CAE}
	EndGlobalSection
EndGlobal
